
Microsoft Visual Studio Solution File, Format Version 12.00
# Visual Studio Version 16
VisualStudioVersion = 16.0.32106.194
MinimumVisualStudioVersion = 10.0.40219.1
Project("{FAE04EC0-301F-11D3-BF4B-00C04F79EFBC}") = "PracticaCore2JILR", "PracticaCore2JILR\PracticaCore2JILR.csproj", "{44B9BEF3-5C9C-45AE-8970-E976633E534D}"
EndProject
Global
	GlobalSection(SolutionConfigurationPlatforms) = preSolution
		Debug|Any CPU = Debug|Any CPU
		Release|Any CPU = Release|Any CPU
	EndGlobalSection
	GlobalSection(ProjectConfigurationPlatforms) = postSolution
		{44B9BEF3-5C9C-45AE-8970-E976633E534D}.Debug|Any CPU.ActiveCfg = Debug|Any CPU
		{44B9BEF3-5C9C-45AE-8970-E976633E534D}.Debug|Any CPU.Build.0 = Debug|Any CPU
		{44B9BEF3-5C9C-45AE-8970-E976633E534D}.Release|Any CPU.ActiveCfg = Release|Any CPU
		{44B9BEF3-5C9C-45AE-8970-E976633E534D}.Release|Any CPU.Build.0 = Release|Any CPU
	EndGlobalSection
	GlobalSection(SolutionProperties) = preSolution
		HideSolutionNode = FALSE
	EndGlobalSection
	GlobalSection(ExtensibilityGlobals) = postSolution
		SolutionGuid = {A5618E14-6FA2-47FB-A0EB-679EEC7FFA20}
	EndGlobalSection
EndGlobal
